Microsoft Visual Studio Solution File, Format Version 11.00
# Visual Studio 2008

Project("{A37E4ECB-2D8F-F5EE-8834-C95E1AB70681}") = "JSONProject", "Assembly-CSharp-firstpass.csproj", "{6547DCAF-BFB0-FFC0-E93F-81013DA7D8A8}"
EndProject
Global
	GlobalSection(SolutionConfigurationPlatforms) = preSolution
		Debug|Any CPU = Debug|Any CPU
		Release|Any CPU = Release|Any CPU
	EndGlobalSection
	GlobalSection(ProjectConfigurationPlatforms) = postSolution
		{6547DCAF-BFB0-FFC0-E93F-81013DA7D8A8}.Debug|Any CPU.ActiveCfg = Debug|Any CPU
		{6547DCAF-BFB0-FFC0-E93F-81013DA7D8A8}.Debug|Any CPU.Build.0 = Debug|Any CPU
		{6547DCAF-BFB0-FFC0-E93F-81013DA7D8A8}.Release|Any CPU.ActiveCfg = Release|Any CPU
		{6547DCAF-BFB0-FFC0-E93F-81013DA7D8A8}.Release|Any CPU.Build.0 = Release|Any CPU
	EndGlobalSection
	GlobalSection(SolutionProperties) = preSolution
		HideSolutionNode = FALSE
	EndGlobalSection
	GlobalSection(MonoDevelopProperties) = preSolution
		StartupItem = Assembly-CSharp.csproj
	EndGlobalSection
EndGlobal
